PODS:
  - AFNetworking (2.6.3):
    - AFNetworking/NSURLConnection (= 2.6.3)
    - AFNetworking/NSURLSession (= 2.6.3)
    - AFNetworking/Reachability (= 2.6.3)
    - AFNetworking/Security (= 2.6.3)
    - AFNetworking/Serialization (= 2.6.3)
    - AFNetworking/UIKit (= 2.6.3)
  - AFNetworking/NSURLConnection (2.6.3):
    - AFNetworking/Reachability
    - AFNetworking/Security
    - AFNetworking/Serialization
  - AFNetworking/NSURLSession (2.6.3):
    - AFNetworking/Reachability
    - AFNetworking/Security
    - AFNetworking/Serialization
  - AFNetworking/Reachability (2.6.3)
  - AFNetworking/Security (2.6.3)
  - AFNetworking/Serialization (2.6.3)
  - AFNetworking/UIKit (2.6.3):
    - AFNetworking/NSURLConnection
    - AFNetworking/NSURLSession
  - AutoLinearLayoutView (0.2.0)
  - AVOSCloud (3.2.9)
  - CocoaLumberjack (2.3.0):
    - CocoaLumberjack/Default (= 2.3.0)
    - CocoaLumberjack/Extensions (= 2.3.0)
  - CocoaLumberjack/Core (2.3.0)
  - CocoaLumberjack/Default (2.3.0):
    - CocoaLumberjack/Core
  - CocoaLumberjack/Extensions (2.3.0):
    - CocoaLumberjack/Default
  - FSCalendar (2.1.1)
  - GTMBase64 (1.0.0)
  - HappyDNS (0.2.3)
  - JSONModel (1.2.0)
  - JTNavigationController (1.0.1)
  - JVFloatingDrawer (0.1.0)
  - MagicalRecord (2.3.2):
    - MagicalRecord/Core (= 2.3.2)
  - MagicalRecord/Core (2.3.2)
  - Masonry (1.0.0)
  - MBProgressHUD (0.9.2)
  - MGSwipeTableCell (1.5.5)
  - Qiniu (7.0.17):
    - AFNetworking (~> 2.0)
    - HappyDNS (~> 0.2)
  - SDAutoLayout (1.53)
  - SDWebImage (3.7.6):
    - SDWebImage/Core (= 3.7.6)
  - SDWebImage/Core (3.7.6)
  - TPKeyboardAvoiding (1.3)
  - ZFDragableModalTransition (0.6)

DEPENDENCIES:
  - AutoLinearLayoutView
  - AVOSCloud
  - CocoaLumberjack
  - FSCalendar
  - GTMBase64
  - JSONModel
  - JTNavigationController
  - JVFloatingDrawer
  - MagicalRecord
  - Masonry
  - MBProgressHUD
  - MGSwipeTableCell
  - Qiniu
  - SDAutoLayout
  - SDWebImage
  - TPKeyboardAvoiding
  - ZFDragableModalTransition

SPEC CHECKSUMS:
  AFNetworking: cb8d14a848e831097108418f5d49217339d4eb60
  AutoLinearLayoutView: 1370d70257b925f4eccb3356d3092132ce613df6
  AVOSCloud: b020009b1f2e35c271d4d019075458c879fc1d21
  CocoaLumberjack: 97fab7ee5f507fe54445cca7ea80f926729cfd15
  FSCalendar: 04dc531f06fbde8a8e5b7394e9d4edebd45a591f
  GTMBase64: 0da7372e95f5171f3f652db38cde6716f8eb5e24
  HappyDNS: 6d85942e64c28b4fa61f8c76580398f52d6d1d11
  JSONModel: 12523685c4b623553ccf844bbbf7007624317b2c
  JTNavigationController: a3563e6d1adbd00301af8f049e546342fad7ffa9
  JVFloatingDrawer: 4782b1df21411aef2c1818f3b346cace02cc2e24
  MagicalRecord: 53bed74b4323b930992a725be713e53b37d19755
  Masonry: b529bb169217897b6354d4b56b1fada6d475b13d
  MBProgressHUD: 1569cf7ace17a8bac47aabfbb8580a49690386d1
  MGSwipeTableCell: bafeb5f351124544c9364ecbdf24c7b06a37d340
  Qiniu: 2c05af1f9d580c036b18faf832cc98e98bfb21bc
  SDAutoLayout: ea6e2ae9fbb438aa2feb0c4363dba9297e98638a
  SDWebImage: c325cf02c30337336b95beff20a13df489ec0ec9
  TPKeyboardAvoiding: a5138f318c06fb3e151f886e18ce4a72695d9cbe
  ZFDragableModalTransition: 0d294eaaba6edfcb9839595de765f9ca06a4b524

PODFILE CHECKSUM: ca23ad7406e696f1e5f6a61562e474be4388134b

COCOAPODS: 1.0.0
