PODS:
  - AFNetworking (2.6.3):
    - AFNetworking/NSURLConnection (= 2.6.3)
    - AFNetworking/NSURLSession (= 2.6.3)
    - AFNetworking/Reachability (= 2.6.3)
    - AFNetworking/Security (= 2.6.3)
    - AFNetworking/Serialization (= 2.6.3)
    - AFNetworking/UIKit (= 2.6.3)
  - AFNetworking-Synchronous (0.3.1):
    - AFNetworking-Synchronous/2.x (= 0.3.1)
  - AFNetworking-Synchronous/2.x (0.3.1):
    - AFNetworking (~> 2.0)
  - AFNetworking/NSURLConnection (2.6.3):
    - AFNetworking/Reachability
    - AFNetworking/Security
    - AFNetworking/Serialization
  - AFNetworking/NSURLSession (2.6.3):
    - AFNetworking/Reachability
    - AFNetworking/Security
    - AFNetworking/Serialization
  - AFNetworking/Reachability (2.6.3)
  - AFNetworking/Security (2.6.3)
  - AFNetworking/Serialization (2.6.3)
  - AFNetworking/UIKit (2.6.3):
    - AFNetworking/NSURLConnection
    - AFNetworking/NSURLSession
  - AMap2DMap (4.4.0):
    - AMapFoundation (~> 1.2)
  - AMapFoundation (1.3.2)
  - AMapLocation (2.1.1):
    - AMapFoundation (~> 1.2)
  - AMapSearch (4.4.0):
    - AMapFoundation (~> 1.2)
  - AutoLinearLayoutView (0.3.0)
  - AVOSCloud (3.2.12)
  - BEMCheckBox (1.2.1)
  - CocoaLumberjack (3.0.0):
    - CocoaLumberjack/Default (= 3.0.0)
    - CocoaLumberjack/Extensions (= 3.0.0)
  - CocoaLumberjack/Core (3.0.0)
  - CocoaLumberjack/Default (3.0.0):
    - CocoaLumberjack/Core
  - CocoaLumberjack/Extensions (3.0.0):
    - CocoaLumberjack/Default
  - DGActivityIndicatorView (2.1.1)
  - FDFullscreenPopGesture (1.1)
  - FSCalendar (2.5.1)
  - GTMBase64 (1.0.0)
  - HappyDNS (0.3.10)
  - IGLDropDownMenu (1.6.2)
  - JMRoundedCorner (1.2.1)
  - JSONModel (1.7.0)
  - JVFloatingDrawer (0.1.0)
  - LCActionSheet (2.6.0):
    - Masonry (~> 1.0.1)
  - MagicalRecord (2.3.2):
    - MagicalRecord/Core (= 2.3.2)
  - MagicalRecord/Core (2.3.2)
  - Masonry (1.0.2)
  - MBProgressHUD (1.0.0)
  - MGSwipeTableCell (1.5.6)
  - MJExtension (3.0.13)
  - NetworkEye (1.0.6):
    - NetworkEye/standard (= 1.0.6)
  - NetworkEye/standard (1.0.6)
  - Qiniu (7.0.20):
    - AFNetworking (~> 2.0)
    - HappyDNS (~> 0.3)
  - RealReachability (1.1.8):
    - RealReachability/Connection (= 1.1.8)
    - RealReachability/Ping (= 1.1.8)
  - RealReachability/Connection (1.1.8)
  - RealReachability/Ping (1.1.8)
  - RTRootNavigationController (0.5.22)
  - SDAutoLayout (2.1.7)
  - SDWebImage (3.8.2):
    - SDWebImage/Core (= 3.8.2)
  - SDWebImage/Core (3.8.2)
  - SSDynamicText (1.1.0)
  - TPKeyboardAvoiding (1.3)
  - ZFDragableModalTransition (0.6)

DEPENDENCIES:
  - AFNetworking-Synchronous
  - AMap2DMap (~> 4.4.0)
  - AMapLocation (~> 2.1.0)
  - AMapSearch (~> 4.4.0)
  - AutoLinearLayoutView
  - AVOSCloud (~> 3.2.9)
  - BEMCheckBox
  - CocoaLumberjack
  - DGActivityIndicatorView
  - FDFullscreenPopGesture
  - FSCalendar (from `https://github.com/Seanwong933/FSCalendar.git`)
  - GTMBase64
  - IGLDropDownMenu
  - JMRoundedCorner
  - JSONModel
  - JVFloatingDrawer
  - LCActionSheet
  - MagicalRecord
  - Masonry
  - MBProgressHUD
  - MGSwipeTableCell
  - MJExtension
  - NetworkEye
  - Qiniu
  - RealReachability
  - RTRootNavigationController
  - SDAutoLayout
  - SDWebImage
  - SSDynamicText
  - TPKeyboardAvoiding
  - ZFDragableModalTransition

EXTERNAL SOURCES:
  FSCalendar:
    :git: https://github.com/Seanwong933/FSCalendar.git

CHECKOUT OPTIONS:
  FSCalendar:
    :commit: 927f6cce17456b8876feae07bec3f1fb0b57f440
    :git: https://github.com/Seanwong933/FSCalendar.git

SPEC CHECKSUMS:
  AFNetworking: cb8d14a848e831097108418f5d49217339d4eb60
  AFNetworking-Synchronous: 29531ad341ec465a4ff9b66dea9cf7272080e12e
  AMap2DMap: 5e310b546e93776462cf5a561cc74bafd6acee58
  AMapFoundation: 843dc27b2c02bc0bc2ef3346bb3dd0456cf64dbb
  AMapLocation: dd203f76b034ef5cb546600f4e1ffad2a3a14072
  AMapSearch: a6c7c83905dbe12aa059c7ff83cb0726cb4fc32f
  AutoLinearLayoutView: b4da48a230fcbe03c38e3fd01f435d830071c49b
  AVOSCloud: fcbb5c2bcccaddbdea8c2b4f6c1ad7f13e6639fe
  BEMCheckBox: 264b8b72aa92adbfefa265cc58a0cdb86b207b9f
  CocoaLumberjack: c823149bccc5519a9447aeb433be7b1212a7d6a5
  DGActivityIndicatorView: ff2c76073d79692f724863c8dd38685866a03cb6
  FDFullscreenPopGesture: a8a620179e3d9c40e8e00256dcee1c1a27c6d0f0
  FSCalendar: 8efeb4b92240937204165c7743f4375923112fb5
  GTMBase64: 0da7372e95f5171f3f652db38cde6716f8eb5e24
  HappyDNS: 06a9fed2796663fd87626dbf02552933265bf059
  IGLDropDownMenu: ae118618ae858fa66ce7c2ac80ed9124a710b228
  JMRoundedCorner: 214e56c2a7e3a0916e8d6040c66d85519cc1be87
  JSONModel: 840bc0fcffb24b8454d2c026bf26fea454b8e98d
  JVFloatingDrawer: 4782b1df21411aef2c1818f3b346cace02cc2e24
  LCActionSheet: 25b62201ad1ef2954ab5359795fbf46b2d2cd35b
  MagicalRecord: 53bed74b4323b930992a725be713e53b37d19755
  Masonry: 7c429b56da9d4ee0bbb3ed77a5ea710d6a5df39e
  MBProgressHUD: 4890f671c94e8a0f3cf959aa731e9de2f036d71a
  MGSwipeTableCell: 616700eb0ffd1c611ba909066cb7fd739790a0a7
  MJExtension: 5932755f451458eefa24239358817f8d291240c7
  NetworkEye: 54afcde161ab50e407445b86abd7350f3cd08533
  Qiniu: 8958e70c02fb563c8c04d555bb5041441c5f4216
  RealReachability: e6c8a2bbffa316006e8c282efc1ee2567d61a920
  RTRootNavigationController: cf134c044a8ce14d97fc668847ed4567efc53f91
  SDAutoLayout: e9b36d04b8c0b504762a04d76fbbe5108944297a
  SDWebImage: 098e97e6176540799c27e804c96653ee0833d13c
  SSDynamicText: e5a1d15b757814a78508de4aeb73cdd287948cfe
  TPKeyboardAvoiding: a5138f318c06fb3e151f886e18ce4a72695d9cbe
  ZFDragableModalTransition: 0d294eaaba6edfcb9839595de765f9ca06a4b524

PODFILE CHECKSUM: d13d5868db658ad7914db56a383d17c226e5c31c

COCOAPODS: 1.0.1
