<?xml version="1.0" encoding="UTF-8"?>
<Scheme
   version = "1.3">
   <BuildAction>
      <BuildActionEntries>
         <BuildActionEntry
            buildForRunning = "YES"
            buildForTesting = "YES">
            <BuildableReference
               BuildableIdentifier = "primary"
               BlueprintIdentifier = "F9A723891CDDF8A900E3BC8E"
               BuildableName = "TO-DOTests.xctest"
               BlueprintName = "TO-DOTests"
               ReferencedContainer = "container:TO-DO.xcodeproj">
            </BuildableReference>
         </BuildActionEntry>
      </BuildActionEntries>
   </BuildAction>
   <TestAction
      buildConfiguration = "Debug">
      <Testables>
         <TestableReference>
            <BuildableReference
               BuildableIdentifier = "primary"
               BlueprintIdentifier = "F9A723891CDDF8A900E3BC8E"
               BuildableName = "TO-DOTests.xctest"
               BlueprintName = "TO-DOTests"
               ReferencedContainer = "container:TO-DO.xcodeproj">
            </BuildableReference>
            <SkippedTests>
               <Test
                  Identifier = "TO_DOTests">
               </Test>
            </SkippedTests>
         </TestableReference>
      </Testables>
   </TestAction>
   <LaunchAction
      useCustomWorkingDirectory = "NO">
   </LaunchAction>
</Scheme>
